
Microsoft Visual Studio Solution File, Format Version 12.00
Project("{FAE04EC0-301F-11D3-BF4B-00C04F79EFBC}") = "WFunction", "WFunction\WFunction.csproj", "{3F3B1F11-92AB-4C97-8006-F5E14093D4BC}"
EndProject
Global
	GlobalSection(SolutionConfigurationPlatforms) = preSolution
		Debug|Any CPU = Debug|Any CPU
		Release|Any CPU = Release|Any CPU
	EndGlobalSection
	GlobalSection(ProjectConfigurationPlatforms) = postSolution
		{3F3B1F11-92AB-4C97-8006-F5E14093D4BC}.Debug|Any CPU.ActiveCfg = Debug|Any CPU
		{3F3B1F11-92AB-4C97-8006-F5E14093D4BC}.Debug|Any CPU.Build.0 = Debug|Any CPU
		{3F3B1F11-92AB-4C97-8006-F5E14093D4BC}.Release|Any CPU.ActiveCfg = Release|Any CPU
		{3F3B1F11-92AB-4C97-8006-F5E14093D4BC}.Release|Any CPU.Build.0 = Release|Any CPU
	EndGlobalSection
EndGlobal
